// !$*UTF8*$!
{
	archiveVersion = 1;
	classes = {
	};
	objectVersion = 46;
	objects = {

/* Begin PBXBuildFile section */
		CDC25ACC1CDED687005CD850 /* main.m in Sources */ = {isa = PBXBuildFile; fileRef = CDC25ACB1CDED687005CD850 /* main.m */; };
		CDC25ACF1CDED687005CD850 /* AppDelegate.m in Sources */ = {isa = PBXBuildFile; fileRef = CDC25ACE1CDED687005CD850 /* AppDelegate.m */; };
		CDC25AD21CDED687005CD850 /* ViewController.m in Sources */ = {isa = PBXBuildFile; fileRef = CDC25AD11CDED687005CD850 /* ViewController.m */; };
		CDC25AD51CDED687005CD850 /* Main.storyboard in Resources */ = {isa = PBXBuildFile; fileRef = CDC25AD31CDED687005CD850 /* Main.storyboard */; };
		CDC25AD71CDED687005CD850 /* Assets.xcassets in Resources */ = {isa = PBXBuildFile; fileRef = CDC25AD61CDED687005CD850 /* Assets.xcassets */; };
		CDC25ADA1CDED687005CD850 /* LaunchScreen.storyboard in Resources */ = {isa = PBXBuildFile; fileRef = CDC25AD81CDED687005CD850 /* LaunchScreen.storyboard */; };
		CDC25AE21CDEDA02005CD850 /* rain.jpg in Resources */ = {isa = PBXBuildFile; fileRef = CDC25AE11CDEDA02005CD850 /* rain.jpg */; };
		CDC25AE51CDEF6FF005CD850 /* UIImage+FKCategory.m in Sources */ = {isa = PBXBuildFile; fileRef = CDC25AE41CDEF6FF005CD850 /* UIImage+FKCategory.m */; };
/* End PBXBuildFile section */

/* Begin PBXFileReference section */
		CDC25AC71CDED686005CD850 /* 捏合收拾缩放图片.app */ = {isa = PBXFileReference; explicitFileType = wrapper.application; includeInIndex = 0; path = "捏合收拾缩放图片.app"; sourceTree = BUILT_PRODUCTS_DIR; };
		CDC25ACB1CDED687005CD850 /* main.m */ = {isa = PBXFileReference; lastKnownFileType = sourcecode.c.objc; path = main.m; sourceTree = "<group>"; };
		CDC25ACD1CDED687005CD850 /* AppDelegate.h */ = {isa = PBXFileReference; lastKnownFileType = sourcecode.c.h; path = AppDelegate.h; sourceTree = "<group>"; };
		CDC25ACE1CDED687005CD850 /* AppDelegate.m */ = {isa = PBXFileReference; lastKnownFileType = sourcecode.c.objc; path = AppDelegate.m; sourceTree = "<group>"; };
		CDC25AD01CDED687005CD850 /* ViewController.h */ = {isa = PBXFileReference; lastKnownFileType = sourcecode.c.h; path = ViewController.h; sourceTree = "<group>"; };
		CDC25AD11CDED687005CD850 /* ViewController.m */ = {isa = PBXFileReference; lastKnownFileType = sourcecode.c.objc; path = ViewController.m; sourceTree = "<group>"; };
		CDC25AD41CDED687005CD850 /* Base */ = {isa = PBXFileReference; lastKnownFileType = file.storyboard; name = Base; path = Base.lproj/Main.storyboard; sourceTree = "<group>"; };
		CDC25AD61CDED687005CD850 /* Assets.xcassets */ = {isa = PBXFileReference; lastKnownFileType = folder.assetcatalog; path = Assets.xcassets; sourceTree = "<group>"; };
		CDC25AD91CDED687005CD850 /* Base */ = {isa = PBXFileReference; lastKnownFileType = file.storyboard; name = Base; path = Base.lproj/LaunchScreen.storyboard; sourceTree = "<group>"; };
		CDC25ADB1CDED687005CD850 /* Info.plist */ = {isa = PBXFileReference; lastKnownFileType = text.plist.xml; path = Info.plist; sourceTree = "<group>"; };
		CDC25AE11CDEDA02005CD850 /* rain.jpg */ = {isa = PBXFileReference; lastKnownFileType = image.jpeg; path = rain.jpg; sourceTree = "<group>"; };
		CDC25AE31CDEF6F9005CD850 /* UIImage+FKCategory.h */ = {isa = PBXFileReference; lastKnownFileType = sourcecode.c.h; path = "UIImage+FKCategory.h"; sourceTree = "<group>"; };
		CDC25AE41CDEF6FF005CD850 /* UIImage+FKCategory.m */ = {isa = PBXFileReference; fileEncoding = 4; lastKnownFileType = sourcecode.c.objc; path = "UIImage+FKCategory.m"; sourceTree = "<group>"; };
/* End PBXFileReference section */

/* Begin PBXFrameworksBuildPhase section */
		CDC25AC41CDED686005CD850 /* Frameworks */ = {
			isa = PBXFrameworksBuildPhase;
			buildActionMask = 2147483647;
			files = (
			);
			runOnlyForDeploymentPostprocessing = 0;
		};
/* End PBXFrameworksBuildPhase section */

/* Begin PBXGroup section */
		CDC25ABE1CDED685005CD850 = {
			isa = PBXGroup;
			children = (
				CDC25AC91CDED686005CD850 /* 捏合收拾缩放图片 */,
				CDC25AC81CDED686005CD850 /* Products */,
			);
			sourceTree = "<group>";
		};
		CDC25AC81CDED686005CD850 /* Products */ = {
			isa = PBXGroup;
			children = (
				CDC25AC71CDED686005CD850 /* 捏合收拾缩放图片.app */,
			);
			name = Products;
			sourceTree = "<group>";
		};
		CDC25AC91CDED686005CD850 /* 捏合收拾缩放图片 */ = {
			isa = PBXGroup;
			children = (
				CDC25AE31CDEF6F9005CD850 /* UIImage+FKCategory.h */,
				CDC25AE41CDEF6FF005CD850 /* UIImage+FKCategory.m */,
				CDC25ACD1CDED687005CD850 /* AppDelegate.h */,
				CDC25ACE1CDED687005CD850 /* AppDelegate.m */,
				CDC25AD01CDED687005CD850 /* ViewController.h */,
				CDC25AD11CDED687005CD850 /* ViewController.m */,
				CDC25AD31CDED687005CD850 /* Main.storyboard */,
				CDC25AD61CDED687005CD850 /* Assets.xcassets */,
				CDC25AD81CDED687005CD850 /* LaunchScreen.storyboard */,
				CDC25ADB1CDED687005CD850 /* Info.plist */,
				CDC25ACA1CDED687005CD850 /* Supporting Files */,
			);
			path = "捏合收拾缩放图片";
			sourceTree = "<group>";
		};
		CDC25ACA1CDED687005CD850 /* Supporting Files */ = {
			isa = PBXGroup;
			children = (
				CDC25AE11CDEDA02005CD850 /* rain.jpg */,
				CDC25ACB1CDED687005CD850 /* main.m */,
			);
			name = "Supporting Files";
			sourceTree = "<group>";
		};
/* End PBXGroup section */

/* Begin PBXNativeTarget section */
		CDC25AC61CDED686005CD850 /* 捏合收拾缩放图片 */ = {
			isa = PBXNativeTarget;
			buildConfigurationList = CDC25ADE1CDED687005CD850 /* Build configuration list for PBXNativeTarget "捏合收拾缩放图片" */;
			buildPhases = (
				CDC25AC31CDED686005CD850 /* Sources */,
				CDC25AC41CDED686005CD850 /* Frameworks */,
				CDC25AC51CDED686005CD850 /* Resources */,
			);
			buildRules = (
			);
			dependencies = (
			);
			name = "捏合收拾缩放图片";
			productName = "捏合收拾缩放图片";
			productReference = CDC25AC71CDED686005CD850 /* 捏合收拾缩放图片.app */;
			productType = "com.apple.product-type.application";
		};
/* End PBXNativeTarget section */

/* Begin PBXProject section */
		CDC25ABF1CDED685005CD850 /* Project object */ = {
			isa = PBXProject;
			attributes = {
				LastUpgradeCheck = 0720;
				ORGANIZATIONNAME = lwb;
				TargetAttributes = {
					CDC25AC61CDED686005CD850 = {
						CreatedOnToolsVersion = 7.2;
					};
				};
			};
			buildConfigurationList = CDC25AC21CDED685005CD850 /* Build configuration list for PBXProject "捏合收拾缩放图片" */;
			compatibilityVersion = "Xcode 3.2";
			developmentRegion = English;
			hasScannedForEncodings = 0;
			knownRegions = (
				en,
				Base,
			);
			mainGroup = CDC25ABE1CDED685005CD850;
			productRefGroup = CDC25AC81CDED686005CD850 /* Products */;
			projectDirPath = "";
			projectRoot = "";
			targets = (
				CDC25AC61CDED686005CD850 /* 捏合收拾缩放图片 */,
			);
		};
/* End PBXProject section */

/* Begin PBXResourcesBuildPhase section */
		CDC25AC51CDED686005CD850 /* Resources */ = {
			isa = PBXResourcesBuildPhase;
			buildActionMask = 2147483647;
			files = (
				CDC25ADA1CDED687005CD850 /* LaunchScreen.storyboard in Resources */,
				CDC25AE21CDEDA02005CD850 /* rain.jpg in Resources */,
				CDC25AD71CDED687005CD850 /* Assets.xcassets in Resources */,
				CDC25AD51CDED687005CD850 /* Main.storyboard in Resources */,
			);
			runOnlyForDeploymentPostprocessing = 0;
		};
/* End PBXResourcesBuildPhase section */

/* Begin PBXSourcesBuildPhase section */
		CDC25AC31CDED686005CD850 /* Sources */ = {
			isa = PBXSourcesBuildPhase;
			buildActionMask = 2147483647;
			files = (
				CDC25AD21CDED687005CD850 /* ViewController.m in Sources */,
				CDC25ACF1CDED687005CD850 /* AppDelegate.m in Sources */,
				CDC25AE51CDEF6FF005CD850 /* UIImage+FKCategory.m in Sources */,
				CDC25ACC1CDED687005CD850 /* main.m in Sources */,
			);
			runOnlyForDeploymentPostprocessing = 0;
		};
/* End PBXSourcesBuildPhase section */

/* Begin PBXVariantGroup section */
		CDC25AD31CDED687005CD850 /* Main.storyboard */ = {
			isa = PBXVariantGroup;
			children = (
				CDC25AD41CDED687005CD850 /* Base */,
			);
			name = Main.storyboard;
			sourceTree = "<group>";
		};
		CDC25AD81CDED687005CD850 /* LaunchScreen.storyboard */ = {
			isa = PBXVariantGroup;
			children = (
				CDC25AD91CDED687005CD850 /* Base */,
			);
			name = LaunchScreen.storyboard;
			sourceTree = "<group>";
		};
/* End PBXVariantGroup section */

/* Begin XCBuildConfiguration section */
		CDC25ADC1CDED687005CD850 /* Debug */ = {
			isa = XCBuildConfiguration;
			buildSettings = {
				ALWAYS_SEARCH_USER_PATHS = NO;
				CLANG_CXX_LANGUAGE_STANDARD = "gnu++0x";
				CLANG_CXX_LIBRARY = "libc++";
				CLANG_ENABLE_MODULES = YES;
				CLANG_ENABLE_OBJC_ARC = YES;
				CLANG_WARN_BOOL_CONVERSION = YES;
				CLANG_WARN_CONSTANT_CONVERSION = YES;
				CLANG_WARN_DIRECT_OBJC_ISA_USAGE = YES_ERROR;
				CLANG_WARN_EMPTY_BODY = YES;
				CLANG_WARN_ENUM_CONVERSION = YES;
				CLANG_WARN_INT_CONVERSION = YES;
				CLANG_WARN_OBJC_ROOT_CLASS = YES_ERROR;
				CLANG_WARN_UNREACHABLE_CODE = YES;
				CLANG_WARN__DUPLICATE_METHOD_MATCH = YES;
				"CODE_SIGN_IDENTITY[sdk=iphoneos*]" = "iPhone Developer";
				COPY_PHASE_STRIP = NO;
				DEBUG_INFORMATION_FORMAT = dwarf;
				ENABLE_STRICT_OBJC_MSGSEND = YES;
				ENABLE_TESTABILITY = YES;
				GCC_C_LANGUAGE_STANDARD = gnu99;
				GCC_DYNAMIC_NO_PIC = NO;
				GCC_NO_COMMON_BLOCKS = YES;
				GCC_OPTIMIZATION_LEVEL = 0;
				GCC_PREPROCESSOR_DEFINITIONS = (
					"DEBUG=1",
					"$(inherited)",
				);
				GCC_WARN_64_TO_32_BIT_CONVERSION = YES;
				GCC_WARN_ABOUT_RETURN_TYPE = YES_ERROR;
				GCC_WARN_UNDECLARED_SELECTOR = YES;
				GCC_WARN_UNINITIALIZED_AUTOS = YES_AGGRESSIVE;
				GCC_WARN_UNUSED_FUNCTION = YES;
				GCC_WARN_UNUSED_VARIABLE = YES;
				IPHONEOS_DEPLOYMENT_TARGET = 9.2;
				MTL_ENABLE_DEBUG_INFO = YES;
				ONLY_ACTIVE_ARCH = YES;
				SDKROOT = iphoneos;
			};
			name = Debug;
		};
		CDC25ADD1CDED687005CD850 /* Release */ = {
			isa = XCBuildConfiguration;
			buildSettings = {
				ALWAYS_SEARCH_USER_PATHS = NO;
				CLANG_CXX_LANGUAGE_STANDARD = "gnu++0x";
				CLANG_CXX_LIBRARY = "libc++";
				CLANG_ENABLE_MODULES = YES;
				CLANG_ENABLE_OBJC_ARC = YES;
				CLANG_WARN_BOOL_CONVERSION = YES;
				CLANG_WARN_CONSTANT_CONVERSION = YES;
				CLANG_WARN_DIRECT_OBJC_ISA_USAGE = YES_ERROR;
				CLANG_WARN_EMPTY_BODY = YES;
				CLANG_WARN_ENUM_CONVERSION = YES;
				CLANG_WARN_INT_CONVERSION = YES;
				CLANG_WARN_OBJC_ROOT_CLASS = YES_ERROR;
				CLANG_WARN_UNREACHABLE_CODE = YES;
				CLANG_WARN__DUPLICATE_METHOD_MATCH = YES;
				"CODE_SIGN_IDENTITY[sdk=iphoneos*]" = "iPhone Developer";
				COPY_PHASE_STRIP = NO;
				DEBUG_INFORMATION_FORMAT = "dwarf-with-dsym";
				ENABLE_NS_ASSERTIONS = NO;
				ENABLE_STRICT_OBJC_MSGSEND = YES;
				GCC_C_LANGUAGE_STANDARD = gnu99;
				GCC_NO_COMMON_BLOCKS = YES;
				GCC_WARN_64_TO_32_BIT_CONVERSION = YES;
				GCC_WARN_ABOUT_RETURN_TYPE = YES_ERROR;
				GCC_WARN_UNDECLARED_SELECTOR = YES;
				GCC_WARN_UNINITIALIZED_AUTOS = YES_AGGRESSIVE;
				GCC_WARN_UNUSED_FUNCTION = YES;
				GCC_WARN_UNUSED_VARIABLE = YES;
				IPHONEOS_DEPLOYMENT_TARGET = 9.2;
				MTL_ENABLE_DEBUG_INFO = NO;
				SDKROOT = iphoneos;
				VALIDATE_PRODUCT = YES;
			};
			name = Release;
		};
		CDC25ADF1CDED687005CD850 /* Debug */ = {
			isa = XCBuildConfiguration;
			buildSettings = {
				ASSETCATALOG_COMPILER_APPICON_NAME = AppIcon;
				INFOPLIST_FILE = "捏合收拾缩放图片/Info.plist";
				IPHONEOS_DEPLOYMENT_TARGET = 7.0;
				LD_RUNPATH_SEARCH_PATHS = "$(inherited) @executable_path/Frameworks";
				PRODUCT_BUNDLE_IDENTIFIER = "cn.--------";
				PRODUCT_NAME = "$(TARGET_NAME)";
			};
			name = Debug;
		};
		CDC25AE01CDED687005CD850 /* Release */ = {
			isa = XCBuildConfiguration;
			buildSettings = {
				ASSETCATALOG_COMPILER_APPICON_NAME = AppIcon;
				INFOPLIST_FILE = "捏合收拾缩放图片/Info.plist";
				IPHONEOS_DEPLOYMENT_TARGET = 7.0;
				LD_RUNPATH_SEARCH_PATHS = "$(inherited) @executable_path/Frameworks";
				PRODUCT_BUNDLE_IDENTIFIER = "cn.--------";
				PRODUCT_NAME = "$(TARGET_NAME)";
			};
			name = Release;
		};
/* End XCBuildConfiguration section */

/* Begin XCConfigurationList section */
		CDC25AC21CDED685005CD850 /* Build configuration list for PBXProject "捏合收拾缩放图片" */ = {
			isa = XCConfigurationList;
			buildConfigurations = (
				CDC25ADC1CDED687005CD850 /* Debug */,
				CDC25ADD1CDED687005CD850 /* Release */,
			);
			defaultConfigurationIsVisible = 0;
			defaultConfigurationName = Release;
		};
		CDC25ADE1CDED687005CD850 /* Build configuration list for PBXNativeTarget "捏合收拾缩放图片" */ = {
			isa = XCConfigurationList;
			buildConfigurations = (
				CDC25ADF1CDED687005CD850 /* Debug */,
				CDC25AE01CDED687005CD850 /* Release */,
			);
			defaultConfigurationIsVisible = 0;
			defaultConfigurationName = Release;
		};
/* End XCConfigurationList section */
	};
	rootObject = CDC25ABF1CDED685005CD850 /* Project object */;
}
