// !$*UTF8*$!
{
	archiveVersion = 1;
	classes = {
	};
	objectVersion = 46;
	objects = {

/* Begin PBXBuildFile section */
		CD2422001CDC342800921F46 /* main.m in Sources */ = {isa = PBXBuildFile; fileRef = CD2421FF1CDC342800921F46 /* main.m */; };
		CD2422031CDC342800921F46 /* AppDelegate.m in Sources */ = {isa = PBXBuildFile; fileRef = CD2422021CDC342800921F46 /* AppDelegate.m */; };
		CD2422061CDC342800921F46 /* ViewController.m in Sources */ = {isa = PBXBuildFile; fileRef = CD2422051CDC342800921F46 /* ViewController.m */; };
		CD2422091CDC342800921F46 /* Main.storyboard in Resources */ = {isa = PBXBuildFile; fileRef = CD2422071CDC342800921F46 /* Main.storyboard */; };
		CD24220B1CDC342800921F46 /* Assets.xcassets in Resources */ = {isa = PBXBuildFile; fileRef = CD24220A1CDC342800921F46 /* Assets.xcassets */; };
		CD24220E1CDC342900921F46 /* LaunchScreen.storyboard in Resources */ = {isa = PBXBuildFile; fileRef = CD24220C1CDC342900921F46 /* LaunchScreen.storyboard */; };
/* End PBXBuildFile section */

/* Begin PBXFileReference section */
		CD2421FB1CDC342800921F46 /* UIDatePickeer(日期选择器).app */ = {isa = PBXFileReference; explicitFileType = wrapper.application; includeInIndex = 0; path = "UIDatePickeer(日期选择器).app"; sourceTree = BUILT_PRODUCTS_DIR; };
		CD2421FF1CDC342800921F46 /* main.m */ = {isa = PBXFileReference; lastKnownFileType = sourcecode.c.objc; path = main.m; sourceTree = "<group>"; };
		CD2422011CDC342800921F46 /* AppDelegate.h */ = {isa = PBXFileReference; lastKnownFileType = sourcecode.c.h; path = AppDelegate.h; sourceTree = "<group>"; };
		CD2422021CDC342800921F46 /* AppDelegate.m */ = {isa = PBXFileReference; lastKnownFileType = sourcecode.c.objc; path = AppDelegate.m; sourceTree = "<group>"; };
		CD2422041CDC342800921F46 /* ViewController.h */ = {isa = PBXFileReference; lastKnownFileType = sourcecode.c.h; path = ViewController.h; sourceTree = "<group>"; };
		CD2422051CDC342800921F46 /* ViewController.m */ = {isa = PBXFileReference; lastKnownFileType = sourcecode.c.objc; path = ViewController.m; sourceTree = "<group>"; };
		CD2422081CDC342800921F46 /* Base */ = {isa = PBXFileReference; lastKnownFileType = file.storyboard; name = Base; path = Base.lproj/Main.storyboard; sourceTree = "<group>"; };
		CD24220A1CDC342800921F46 /* Assets.xcassets */ = {isa = PBXFileReference; lastKnownFileType = folder.assetcatalog; path = Assets.xcassets; sourceTree = "<group>"; };
		CD24220D1CDC342900921F46 /* Base */ = {isa = PBXFileReference; lastKnownFileType = file.storyboard; name = Base; path = Base.lproj/LaunchScreen.storyboard; sourceTree = "<group>"; };
		CD24220F1CDC342900921F46 /* Info.plist */ = {isa = PBXFileReference; lastKnownFileType = text.plist.xml; path = Info.plist; sourceTree = "<group>"; };
/* End PBXFileReference section */

/* Begin PBXFrameworksBuildPhase section */
		CD2421F81CDC342800921F46 /* Frameworks */ = {
			isa = PBXFrameworksBuildPhase;
			buildActionMask = 2147483647;
			files = (
			);
			runOnlyForDeploymentPostprocessing = 0;
		};
/* End PBXFrameworksBuildPhase section */

/* Begin PBXGroup section */
		CD2421F21CDC342700921F46 = {
			isa = PBXGroup;
			children = (
				CD2421FD1CDC342800921F46 /* UIDatePickeer(日期选择器) */,
				CD2421FC1CDC342800921F46 /* Products */,
			);
			sourceTree = "<group>";
		};
		CD2421FC1CDC342800921F46 /* Products */ = {
			isa = PBXGroup;
			children = (
				CD2421FB1CDC342800921F46 /* UIDatePickeer(日期选择器).app */,
			);
			name = Products;
			sourceTree = "<group>";
		};
		CD2421FD1CDC342800921F46 /* UIDatePickeer(日期选择器) */ = {
			isa = PBXGroup;
			children = (
				CD2422011CDC342800921F46 /* AppDelegate.h */,
				CD2422021CDC342800921F46 /* AppDelegate.m */,
				CD2422041CDC342800921F46 /* ViewController.h */,
				CD2422051CDC342800921F46 /* ViewController.m */,
				CD2422071CDC342800921F46 /* Main.storyboard */,
				CD24220A1CDC342800921F46 /* Assets.xcassets */,
				CD24220C1CDC342900921F46 /* LaunchScreen.storyboard */,
				CD24220F1CDC342900921F46 /* Info.plist */,
				CD2421FE1CDC342800921F46 /* Supporting Files */,
			);
			path = "UIDatePickeer(日期选择器)";
			sourceTree = "<group>";
		};
		CD2421FE1CDC342800921F46 /* Supporting Files */ = {
			isa = PBXGroup;
			children = (
				CD2421FF1CDC342800921F46 /* main.m */,
			);
			name = "Supporting Files";
			sourceTree = "<group>";
		};
/* End PBXGroup section */

/* Begin PBXNativeTarget section */
		CD2421FA1CDC342800921F46 /* UIDatePickeer(日期选择器) */ = {
			isa = PBXNativeTarget;
			buildConfigurationList = CD2422121CDC342900921F46 /* Build configuration list for PBXNativeTarget "UIDatePickeer(日期选择器)" */;
			buildPhases = (
				CD2421F71CDC342800921F46 /* Sources */,
				CD2421F81CDC342800921F46 /* Frameworks */,
				CD2421F91CDC342800921F46 /* Resources */,
			);
			buildRules = (
			);
			dependencies = (
			);
			name = "UIDatePickeer(日期选择器)";
			productName = "UIDatePickeer(日期选择器)";
			productReference = CD2421FB1CDC342800921F46 /* UIDatePickeer(日期选择器).app */;
			productType = "com.apple.product-type.application";
		};
/* End PBXNativeTarget section */

/* Begin PBXProject section */
		CD2421F31CDC342700921F46 /* Project object */ = {
			isa = PBXProject;
			attributes = {
				LastUpgradeCheck = 0720;
				ORGANIZATIONNAME = lwb;
				TargetAttributes = {
					CD2421FA1CDC342800921F46 = {
						CreatedOnToolsVersion = 7.2;
					};
				};
			};
			buildConfigurationList = CD2421F61CDC342700921F46 /* Build configuration list for PBXProject "UIDatePickeer(日期选择器)" */;
			compatibilityVersion = "Xcode 3.2";
			developmentRegion = English;
			hasScannedForEncodings = 0;
			knownRegions = (
				en,
				Base,
			);
			mainGroup = CD2421F21CDC342700921F46;
			productRefGroup = CD2421FC1CDC342800921F46 /* Products */;
			projectDirPath = "";
			projectRoot = "";
			targets = (
				CD2421FA1CDC342800921F46 /* UIDatePickeer(日期选择器) */,
			);
		};
/* End PBXProject section */

/* Begin PBXResourcesBuildPhase section */
		CD2421F91CDC342800921F46 /* Resources */ = {
			isa = PBXResourcesBuildPhase;
			buildActionMask = 2147483647;
			files = (
				CD24220E1CDC342900921F46 /* LaunchScreen.storyboard in Resources */,
				CD24220B1CDC342800921F46 /* Assets.xcassets in Resources */,
				CD2422091CDC342800921F46 /* Main.storyboard in Resources */,
			);
			runOnlyForDeploymentPostprocessing = 0;
		};
/* End PBXResourcesBuildPhase section */

/* Begin PBXSourcesBuildPhase section */
		CD2421F71CDC342800921F46 /* Sources */ = {
			isa = PBXSourcesBuildPhase;
			buildActionMask = 2147483647;
			files = (
				CD2422061CDC342800921F46 /* ViewController.m in Sources */,
				CD2422031CDC342800921F46 /* AppDelegate.m in Sources */,
				CD2422001CDC342800921F46 /* main.m in Sources */,
			);
			runOnlyForDeploymentPostprocessing = 0;
		};
/* End PBXSourcesBuildPhase section */

/* Begin PBXVariantGroup section */
		CD2422071CDC342800921F46 /* Main.storyboard */ = {
			isa = PBXVariantGroup;
			children = (
				CD2422081CDC342800921F46 /* Base */,
			);
			name = Main.storyboard;
			sourceTree = "<group>";
		};
		CD24220C1CDC342900921F46 /* LaunchScreen.storyboard */ = {
			isa = PBXVariantGroup;
			children = (
				CD24220D1CDC342900921F46 /* Base */,
			);
			name = LaunchScreen.storyboard;
			sourceTree = "<group>";
		};
/* End PBXVariantGroup section */

/* Begin XCBuildConfiguration section */
		CD2422101CDC342900921F46 /* Debug */ = {
			isa = XCBuildConfiguration;
			buildSettings = {
				ALWAYS_SEARCH_USER_PATHS = NO;
				CLANG_CXX_LANGUAGE_STANDARD = "gnu++0x";
				CLANG_CXX_LIBRARY = "libc++";
				CLANG_ENABLE_MODULES = YES;
				CLANG_ENABLE_OBJC_ARC = YES;
				CLANG_WARN_BOOL_CONVERSION = YES;
				CLANG_WARN_CONSTANT_CONVERSION = YES;
				CLANG_WARN_DIRECT_OBJC_ISA_USAGE = YES_ERROR;
				CLANG_WARN_EMPTY_BODY = YES;
				CLANG_WARN_ENUM_CONVERSION = YES;
				CLANG_WARN_INT_CONVERSION = YES;
				CLANG_WARN_OBJC_ROOT_CLASS = YES_ERROR;
				CLANG_WARN_UNREACHABLE_CODE = YES;
				CLANG_WARN__DUPLICATE_METHOD_MATCH = YES;
				"CODE_SIGN_IDENTITY[sdk=iphoneos*]" = "iPhone Developer";
				COPY_PHASE_STRIP = NO;
				DEBUG_INFORMATION_FORMAT = dwarf;
				ENABLE_STRICT_OBJC_MSGSEND = YES;
				ENABLE_TESTABILITY = YES;
				GCC_C_LANGUAGE_STANDARD = gnu99;
				GCC_DYNAMIC_NO_PIC = NO;
				GCC_NO_COMMON_BLOCKS = YES;
				GCC_OPTIMIZATION_LEVEL = 0;
				GCC_PREPROCESSOR_DEFINITIONS = (
					"DEBUG=1",
					"$(inherited)",
				);
				GCC_WARN_64_TO_32_BIT_CONVERSION = YES;
				GCC_WARN_ABOUT_RETURN_TYPE = YES_ERROR;
				GCC_WARN_UNDECLARED_SELECTOR = YES;
				GCC_WARN_UNINITIALIZED_AUTOS = YES_AGGRESSIVE;
				GCC_WARN_UNUSED_FUNCTION = YES;
				GCC_WARN_UNUSED_VARIABLE = YES;
				IPHONEOS_DEPLOYMENT_TARGET = 9.2;
				MTL_ENABLE_DEBUG_INFO = YES;
				ONLY_ACTIVE_ARCH = YES;
				SDKROOT = iphoneos;
			};
			name = Debug;
		};
		CD2422111CDC342900921F46 /* Release */ = {
			isa = XCBuildConfiguration;
			buildSettings = {
				ALWAYS_SEARCH_USER_PATHS = NO;
				CLANG_CXX_LANGUAGE_STANDARD = "gnu++0x";
				CLANG_CXX_LIBRARY = "libc++";
				CLANG_ENABLE_MODULES = YES;
				CLANG_ENABLE_OBJC_ARC = YES;
				CLANG_WARN_BOOL_CONVERSION = YES;
				CLANG_WARN_CONSTANT_CONVERSION = YES;
				CLANG_WARN_DIRECT_OBJC_ISA_USAGE = YES_ERROR;
				CLANG_WARN_EMPTY_BODY = YES;
				CLANG_WARN_ENUM_CONVERSION = YES;
				CLANG_WARN_INT_CONVERSION = YES;
				CLANG_WARN_OBJC_ROOT_CLASS = YES_ERROR;
				CLANG_WARN_UNREACHABLE_CODE = YES;
				CLANG_WARN__DUPLICATE_METHOD_MATCH = YES;
				"CODE_SIGN_IDENTITY[sdk=iphoneos*]" = "iPhone Developer";
				COPY_PHASE_STRIP = NO;
				DEBUG_INFORMATION_FORMAT = "dwarf-with-dsym";
				ENABLE_NS_ASSERTIONS = NO;
				ENABLE_STRICT_OBJC_MSGSEND = YES;
				GCC_C_LANGUAGE_STANDARD = gnu99;
				GCC_NO_COMMON_BLOCKS = YES;
				GCC_WARN_64_TO_32_BIT_CONVERSION = YES;
				GCC_WARN_ABOUT_RETURN_TYPE = YES_ERROR;
				GCC_WARN_UNDECLARED_SELECTOR = YES;
				GCC_WARN_UNINITIALIZED_AUTOS = YES_AGGRESSIVE;
				GCC_WARN_UNUSED_FUNCTION = YES;
				GCC_WARN_UNUSED_VARIABLE = YES;
				IPHONEOS_DEPLOYMENT_TARGET = 9.2;
				MTL_ENABLE_DEBUG_INFO = NO;
				SDKROOT = iphoneos;
				VALIDATE_PRODUCT = YES;
			};
			name = Release;
		};
		CD2422131CDC342900921F46 /* Debug */ = {
			isa = XCBuildConfiguration;
			buildSettings = {
				ASSETCATALOG_COMPILER_APPICON_NAME = AppIcon;
				INFOPLIST_FILE = "UIDatePickeer(日期选择器)/Info.plist";
				LD_RUNPATH_SEARCH_PATHS = "$(inherited) @executable_path/Frameworks";
				PRODUCT_BUNDLE_IDENTIFIER = "cn.UIDatePickeer-------";
				PRODUCT_NAME = "$(TARGET_NAME)";
			};
			name = Debug;
		};
		CD2422141CDC342900921F46 /* Release */ = {
			isa = XCBuildConfiguration;
			buildSettings = {
				ASSETCATALOG_COMPILER_APPICON_NAME = AppIcon;
				INFOPLIST_FILE = "UIDatePickeer(日期选择器)/Info.plist";
				LD_RUNPATH_SEARCH_PATHS = "$(inherited) @executable_path/Frameworks";
				PRODUCT_BUNDLE_IDENTIFIER = "cn.UIDatePickeer-------";
				PRODUCT_NAME = "$(TARGET_NAME)";
			};
			name = Release;
		};
/* End XCBuildConfiguration section */

/* Begin XCConfigurationList section */
		CD2421F61CDC342700921F46 /* Build configuration list for PBXProject "UIDatePickeer(日期选择器)" */ = {
			isa = XCConfigurationList;
			buildConfigurations = (
				CD2422101CDC342900921F46 /* Debug */,
				CD2422111CDC342900921F46 /* Release */,
			);
			defaultConfigurationIsVisible = 0;
			defaultConfigurationName = Release;
		};
		CD2422121CDC342900921F46 /* Build configuration list for PBXNativeTarget "UIDatePickeer(日期选择器)" */ = {
			isa = XCConfigurationList;
			buildConfigurations = (
				CD2422131CDC342900921F46 /* Debug */,
				CD2422141CDC342900921F46 /* Release */,
			);
			defaultConfigurationIsVisible = 0;
		};
/* End XCConfigurationList section */
	};
	rootObject = CD2421F31CDC342700921F46 /* Project object */;
}
