// !$*UTF8*$!
{
	archiveVersion = 1;
	classes = {
	};
	objectVersion = 46;
	objects = {

/* Begin PBXBuildFile section */
		CD02A4D21CC5D710003C1D45 /* main.m in Sources */ = {isa = PBXBuildFile; fileRef = CD02A4D11CC5D710003C1D45 /* main.m */; };
		CD02A4D51CC5D711003C1D45 /* AppDelegate.m in Sources */ = {isa = PBXBuildFile; fileRef = CD02A4D41CC5D711003C1D45 /* AppDelegate.m */; };
		CD02A4D81CC5D711003C1D45 /* ViewController.m in Sources */ = {isa = PBXBuildFile; fileRef = CD02A4D71CC5D711003C1D45 /* ViewController.m */; };
		CD02A4DB1CC5D711003C1D45 /* Main.storyboard in Resources */ = {isa = PBXBuildFile; fileRef = CD02A4D91CC5D711003C1D45 /* Main.storyboard */; };
		CD02A4DD1CC5D711003C1D45 /* Assets.xcassets in Resources */ = {isa = PBXBuildFile; fileRef = CD02A4DC1CC5D711003C1D45 /* Assets.xcassets */; };
		CD02A4E01CC5D711003C1D45 /* LaunchScreen.storyboard in Resources */ = {isa = PBXBuildFile; fileRef = CD02A4DE1CC5D711003C1D45 /* LaunchScreen.storyboard */; };
/* End PBXBuildFile section */

/* Begin PBXFileReference section */
		CD02A4CD1CC5D710003C1D45 /* WEBView(网页视图).app */ = {isa = PBXFileReference; explicitFileType = wrapper.application; includeInIndex = 0; path = "WEBView(网页视图).app"; sourceTree = BUILT_PRODUCTS_DIR; };
		CD02A4D11CC5D710003C1D45 /* main.m */ = {isa = PBXFileReference; lastKnownFileType = sourcecode.c.objc; path = main.m; sourceTree = "<group>"; };
		CD02A4D31CC5D710003C1D45 /* AppDelegate.h */ = {isa = PBXFileReference; lastKnownFileType = sourcecode.c.h; path = AppDelegate.h; sourceTree = "<group>"; };
		CD02A4D41CC5D711003C1D45 /* AppDelegate.m */ = {isa = PBXFileReference; lastKnownFileType = sourcecode.c.objc; path = AppDelegate.m; sourceTree = "<group>"; };
		CD02A4D61CC5D711003C1D45 /* ViewController.h */ = {isa = PBXFileReference; lastKnownFileType = sourcecode.c.h; path = ViewController.h; sourceTree = "<group>"; };
		CD02A4D71CC5D711003C1D45 /* ViewController.m */ = {isa = PBXFileReference; lastKnownFileType = sourcecode.c.objc; path = ViewController.m; sourceTree = "<group>"; };
		CD02A4DA1CC5D711003C1D45 /* Base */ = {isa = PBXFileReference; lastKnownFileType = file.storyboard; name = Base; path = Base.lproj/Main.storyboard; sourceTree = "<group>"; };
		CD02A4DC1CC5D711003C1D45 /* Assets.xcassets */ = {isa = PBXFileReference; lastKnownFileType = folder.assetcatalog; path = Assets.xcassets; sourceTree = "<group>"; };
		CD02A4DF1CC5D711003C1D45 /* Base */ = {isa = PBXFileReference; lastKnownFileType = file.storyboard; name = Base; path = Base.lproj/LaunchScreen.storyboard; sourceTree = "<group>"; };
		CD02A4E11CC5D711003C1D45 /* Info.plist */ = {isa = PBXFileReference; lastKnownFileType = text.plist.xml; path = Info.plist; sourceTree = "<group>"; };
/* End PBXFileReference section */

/* Begin PBXFrameworksBuildPhase section */
		CD02A4CA1CC5D710003C1D45 /* Frameworks */ = {
			isa = PBXFrameworksBuildPhase;
			buildActionMask = 2147483647;
			files = (
			);
			runOnlyForDeploymentPostprocessing = 0;
		};
/* End PBXFrameworksBuildPhase section */

/* Begin PBXGroup section */
		CD02A4C41CC5D710003C1D45 = {
			isa = PBXGroup;
			children = (
				CD02A4CF1CC5D710003C1D45 /* WEBView(网页视图) */,
				CD02A4CE1CC5D710003C1D45 /* Products */,
			);
			sourceTree = "<group>";
		};
		CD02A4CE1CC5D710003C1D45 /* Products */ = {
			isa = PBXGroup;
			children = (
				CD02A4CD1CC5D710003C1D45 /* WEBView(网页视图).app */,
			);
			name = Products;
			sourceTree = "<group>";
		};
		CD02A4CF1CC5D710003C1D45 /* WEBView(网页视图) */ = {
			isa = PBXGroup;
			children = (
				CD02A4D31CC5D710003C1D45 /* AppDelegate.h */,
				CD02A4D41CC5D711003C1D45 /* AppDelegate.m */,
				CD02A4D61CC5D711003C1D45 /* ViewController.h */,
				CD02A4D71CC5D711003C1D45 /* ViewController.m */,
				CD02A4D91CC5D711003C1D45 /* Main.storyboard */,
				CD02A4DC1CC5D711003C1D45 /* Assets.xcassets */,
				CD02A4DE1CC5D711003C1D45 /* LaunchScreen.storyboard */,
				CD02A4E11CC5D711003C1D45 /* Info.plist */,
				CD02A4D01CC5D710003C1D45 /* Supporting Files */,
			);
			path = "WEBView(网页视图)";
			sourceTree = "<group>";
		};
		CD02A4D01CC5D710003C1D45 /* Supporting Files */ = {
			isa = PBXGroup;
			children = (
				CD02A4D11CC5D710003C1D45 /* main.m */,
			);
			name = "Supporting Files";
			sourceTree = "<group>";
		};
/* End PBXGroup section */

/* Begin PBXNativeTarget section */
		CD02A4CC1CC5D710003C1D45 /* WEBView(网页视图) */ = {
			isa = PBXNativeTarget;
			buildConfigurationList = CD02A4E41CC5D711003C1D45 /* Build configuration list for PBXNativeTarget "WEBView(网页视图)" */;
			buildPhases = (
				CD02A4C91CC5D710003C1D45 /* Sources */,
				CD02A4CA1CC5D710003C1D45 /* Frameworks */,
				CD02A4CB1CC5D710003C1D45 /* Resources */,
			);
			buildRules = (
			);
			dependencies = (
			);
			name = "WEBView(网页视图)";
			productName = "WEBView(网页视图)";
			productReference = CD02A4CD1CC5D710003C1D45 /* WEBView(网页视图).app */;
			productType = "com.apple.product-type.application";
		};
/* End PBXNativeTarget section */

/* Begin PBXProject section */
		CD02A4C51CC5D710003C1D45 /* Project object */ = {
			isa = PBXProject;
			attributes = {
				LastUpgradeCheck = 0720;
				ORGANIZATIONNAME = lwb;
				TargetAttributes = {
					CD02A4CC1CC5D710003C1D45 = {
						CreatedOnToolsVersion = 7.2;
					};
				};
			};
			buildConfigurationList = CD02A4C81CC5D710003C1D45 /* Build configuration list for PBXProject "WEBView(网页视图)" */;
			compatibilityVersion = "Xcode 3.2";
			developmentRegion = English;
			hasScannedForEncodings = 0;
			knownRegions = (
				en,
				Base,
			);
			mainGroup = CD02A4C41CC5D710003C1D45;
			productRefGroup = CD02A4CE1CC5D710003C1D45 /* Products */;
			projectDirPath = "";
			projectRoot = "";
			targets = (
				CD02A4CC1CC5D710003C1D45 /* WEBView(网页视图) */,
			);
		};
/* End PBXProject section */

/* Begin PBXResourcesBuildPhase section */
		CD02A4CB1CC5D710003C1D45 /* Resources */ = {
			isa = PBXResourcesBuildPhase;
			buildActionMask = 2147483647;
			files = (
				CD02A4E01CC5D711003C1D45 /* LaunchScreen.storyboard in Resources */,
				CD02A4DD1CC5D711003C1D45 /* Assets.xcassets in Resources */,
				CD02A4DB1CC5D711003C1D45 /* Main.storyboard in Resources */,
			);
			runOnlyForDeploymentPostprocessing = 0;
		};
/* End PBXResourcesBuildPhase section */

/* Begin PBXSourcesBuildPhase section */
		CD02A4C91CC5D710003C1D45 /* Sources */ = {
			isa = PBXSourcesBuildPhase;
			buildActionMask = 2147483647;
			files = (
				CD02A4D81CC5D711003C1D45 /* ViewController.m in Sources */,
				CD02A4D51CC5D711003C1D45 /* AppDelegate.m in Sources */,
				CD02A4D21CC5D710003C1D45 /* main.m in Sources */,
			);
			runOnlyForDeploymentPostprocessing = 0;
		};
/* End PBXSourcesBuildPhase section */

/* Begin PBXVariantGroup section */
		CD02A4D91CC5D711003C1D45 /* Main.storyboard */ = {
			isa = PBXVariantGroup;
			children = (
				CD02A4DA1CC5D711003C1D45 /* Base */,
			);
			name = Main.storyboard;
			sourceTree = "<group>";
		};
		CD02A4DE1CC5D711003C1D45 /* LaunchScreen.storyboard */ = {
			isa = PBXVariantGroup;
			children = (
				CD02A4DF1CC5D711003C1D45 /* Base */,
			);
			name = LaunchScreen.storyboard;
			sourceTree = "<group>";
		};
/* End PBXVariantGroup section */

/* Begin XCBuildConfiguration section */
		CD02A4E21CC5D711003C1D45 /* Debug */ = {
			isa = XCBuildConfiguration;
			buildSettings = {
				ALWAYS_SEARCH_USER_PATHS = NO;
				CLANG_CXX_LANGUAGE_STANDARD = "gnu++0x";
				CLANG_CXX_LIBRARY = "libc++";
				CLANG_ENABLE_MODULES = YES;
				CLANG_ENABLE_OBJC_ARC = YES;
				CLANG_WARN_BOOL_CONVERSION = YES;
				CLANG_WARN_CONSTANT_CONVERSION = YES;
				CLANG_WARN_DIRECT_OBJC_ISA_USAGE = YES_ERROR;
				CLANG_WARN_EMPTY_BODY = YES;
				CLANG_WARN_ENUM_CONVERSION = YES;
				CLANG_WARN_INT_CONVERSION = YES;
				CLANG_WARN_OBJC_ROOT_CLASS = YES_ERROR;
				CLANG_WARN_UNREACHABLE_CODE = YES;
				CLANG_WARN__DUPLICATE_METHOD_MATCH = YES;
				"CODE_SIGN_IDENTITY[sdk=iphoneos*]" = "iPhone Developer";
				COPY_PHASE_STRIP = NO;
				DEBUG_INFORMATION_FORMAT = dwarf;
				ENABLE_STRICT_OBJC_MSGSEND = YES;
				ENABLE_TESTABILITY = YES;
				GCC_C_LANGUAGE_STANDARD = gnu99;
				GCC_DYNAMIC_NO_PIC = NO;
				GCC_NO_COMMON_BLOCKS = YES;
				GCC_OPTIMIZATION_LEVEL = 0;
				GCC_PREPROCESSOR_DEFINITIONS = (
					"DEBUG=1",
					"$(inherited)",
				);
				GCC_WARN_64_TO_32_BIT_CONVERSION = YES;
				GCC_WARN_ABOUT_RETURN_TYPE = YES_ERROR;
				GCC_WARN_UNDECLARED_SELECTOR = YES;
				GCC_WARN_UNINITIALIZED_AUTOS = YES_AGGRESSIVE;
				GCC_WARN_UNUSED_FUNCTION = YES;
				GCC_WARN_UNUSED_VARIABLE = YES;
				IPHONEOS_DEPLOYMENT_TARGET = 9.2;
				MTL_ENABLE_DEBUG_INFO = YES;
				ONLY_ACTIVE_ARCH = YES;
				SDKROOT = iphoneos;
			};
			name = Debug;
		};
		CD02A4E31CC5D711003C1D45 /* Release */ = {
			isa = XCBuildConfiguration;
			buildSettings = {
				ALWAYS_SEARCH_USER_PATHS = NO;
				CLANG_CXX_LANGUAGE_STANDARD = "gnu++0x";
				CLANG_CXX_LIBRARY = "libc++";
				CLANG_ENABLE_MODULES = YES;
				CLANG_ENABLE_OBJC_ARC = YES;
				CLANG_WARN_BOOL_CONVERSION = YES;
				CLANG_WARN_CONSTANT_CONVERSION = YES;
				CLANG_WARN_DIRECT_OBJC_ISA_USAGE = YES_ERROR;
				CLANG_WARN_EMPTY_BODY = YES;
				CLANG_WARN_ENUM_CONVERSION = YES;
				CLANG_WARN_INT_CONVERSION = YES;
				CLANG_WARN_OBJC_ROOT_CLASS = YES_ERROR;
				CLANG_WARN_UNREACHABLE_CODE = YES;
				CLANG_WARN__DUPLICATE_METHOD_MATCH = YES;
				"CODE_SIGN_IDENTITY[sdk=iphoneos*]" = "iPhone Developer";
				COPY_PHASE_STRIP = NO;
				DEBUG_INFORMATION_FORMAT = "dwarf-with-dsym";
				ENABLE_NS_ASSERTIONS = NO;
				ENABLE_STRICT_OBJC_MSGSEND = YES;
				GCC_C_LANGUAGE_STANDARD = gnu99;
				GCC_NO_COMMON_BLOCKS = YES;
				GCC_WARN_64_TO_32_BIT_CONVERSION = YES;
				GCC_WARN_ABOUT_RETURN_TYPE = YES_ERROR;
				GCC_WARN_UNDECLARED_SELECTOR = YES;
				GCC_WARN_UNINITIALIZED_AUTOS = YES_AGGRESSIVE;
				GCC_WARN_UNUSED_FUNCTION = YES;
				GCC_WARN_UNUSED_VARIABLE = YES;
				IPHONEOS_DEPLOYMENT_TARGET = 9.2;
				MTL_ENABLE_DEBUG_INFO = NO;
				SDKROOT = iphoneos;
				VALIDATE_PRODUCT = YES;
			};
			name = Release;
		};
		CD02A4E51CC5D711003C1D45 /* Debug */ = {
			isa = XCBuildConfiguration;
			buildSettings = {
				ASSETCATALOG_COMPILER_APPICON_NAME = AppIcon;
				INFOPLIST_FILE = "WEBView(网页视图)/Info.plist";
				LD_RUNPATH_SEARCH_PATHS = "$(inherited) @executable_path/Frameworks";
				PRODUCT_BUNDLE_IDENTIFIER = "cn.WEBView------";
				PRODUCT_NAME = "$(TARGET_NAME)";
			};
			name = Debug;
		};
		CD02A4E61CC5D711003C1D45 /* Release */ = {
			isa = XCBuildConfiguration;
			buildSettings = {
				ASSETCATALOG_COMPILER_APPICON_NAME = AppIcon;
				INFOPLIST_FILE = "WEBView(网页视图)/Info.plist";
				LD_RUNPATH_SEARCH_PATHS = "$(inherited) @executable_path/Frameworks";
				PRODUCT_BUNDLE_IDENTIFIER = "cn.WEBView------";
				PRODUCT_NAME = "$(TARGET_NAME)";
			};
			name = Release;
		};
/* End XCBuildConfiguration section */

/* Begin XCConfigurationList section */
		CD02A4C81CC5D710003C1D45 /* Build configuration list for PBXProject "WEBView(网页视图)" */ = {
			isa = XCConfigurationList;
			buildConfigurations = (
				CD02A4E21CC5D711003C1D45 /* Debug */,
				CD02A4E31CC5D711003C1D45 /* Release */,
			);
			defaultConfigurationIsVisible = 0;
			defaultConfigurationName = Release;
		};
		CD02A4E41CC5D711003C1D45 /* Build configuration list for PBXNativeTarget "WEBView(网页视图)" */ = {
			isa = XCConfigurationList;
			buildConfigurations = (
				CD02A4E51CC5D711003C1D45 /* Debug */,
				CD02A4E61CC5D711003C1D45 /* Release */,
			);
			defaultConfigurationIsVisible = 0;
		};
/* End XCConfigurationList section */
	};
	rootObject = CD02A4C51CC5D710003C1D45 /* Project object */;
}
