// !$*UTF8*$!
{
	archiveVersion = 1;
	classes = {
	};
	objectVersion = 46;
	objects = {

/* Begin PBXBuildFile section */
		CD5B3B541CE1DD30004E290A /* main.m in Sources */ = {isa = PBXBuildFile; fileRef = CD5B3B531CE1DD30004E290A /* main.m */; };
		CD5B3B571CE1DD30004E290A /* AppDelegate.m in Sources */ = {isa = PBXBuildFile; fileRef = CD5B3B561CE1DD30004E290A /* AppDelegate.m */; };
		CD5B3B5A1CE1DD30004E290A /* ViewController.m in Sources */ = {isa = PBXBuildFile; fileRef = CD5B3B591CE1DD30004E290A /* ViewController.m */; };
		CD5B3B5D1CE1DD30004E290A /* Main.storyboard in Resources */ = {isa = PBXBuildFile; fileRef = CD5B3B5B1CE1DD30004E290A /* Main.storyboard */; };
		CD5B3B5F1CE1DD30004E290A /* Assets.xcassets in Resources */ = {isa = PBXBuildFile; fileRef = CD5B3B5E1CE1DD30004E290A /* Assets.xcassets */; };
		CD5B3B621CE1DD30004E290A /* LaunchScreen.storyboard in Resources */ = {isa = PBXBuildFile; fileRef = CD5B3B601CE1DD30004E290A /* LaunchScreen.storyboard */; };
		CD5B3B6A1CE1E121004E290A /* tableheader.png in Resources */ = {isa = PBXBuildFile; fileRef = CD5B3B691CE1E121004E290A /* tableheader.png */; };
/* End PBXBuildFile section */

/* Begin PBXFileReference section */
		CD5B3B4F1CE1DD30004E290A /* UITableView(直接使用UITableView.app */ = {isa = PBXFileReference; explicitFileType = wrapper.application; includeInIndex = 0; path = "UITableView(直接使用UITableView.app"; sourceTree = BUILT_PRODUCTS_DIR; };
		CD5B3B531CE1DD30004E290A /* main.m */ = {isa = PBXFileReference; lastKnownFileType = sourcecode.c.objc; path = main.m; sourceTree = "<group>"; };
		CD5B3B551CE1DD30004E290A /* AppDelegate.h */ = {isa = PBXFileReference; lastKnownFileType = sourcecode.c.h; path = AppDelegate.h; sourceTree = "<group>"; };
		CD5B3B561CE1DD30004E290A /* AppDelegate.m */ = {isa = PBXFileReference; lastKnownFileType = sourcecode.c.objc; path = AppDelegate.m; sourceTree = "<group>"; };
		CD5B3B581CE1DD30004E290A /* ViewController.h */ = {isa = PBXFileReference; lastKnownFileType = sourcecode.c.h; path = ViewController.h; sourceTree = "<group>"; };
		CD5B3B591CE1DD30004E290A /* ViewController.m */ = {isa = PBXFileReference; lastKnownFileType = sourcecode.c.objc; path = ViewController.m; sourceTree = "<group>"; };
		CD5B3B5C1CE1DD30004E290A /* Base */ = {isa = PBXFileReference; lastKnownFileType = file.storyboard; name = Base; path = Base.lproj/Main.storyboard; sourceTree = "<group>"; };
		CD5B3B5E1CE1DD30004E290A /* Assets.xcassets */ = {isa = PBXFileReference; lastKnownFileType = folder.assetcatalog; path = Assets.xcassets; sourceTree = "<group>"; };
		CD5B3B611CE1DD30004E290A /* Base */ = {isa = PBXFileReference; lastKnownFileType = file.storyboard; name = Base; path = Base.lproj/LaunchScreen.storyboard; sourceTree = "<group>"; };
		CD5B3B631CE1DD30004E290A /* Info.plist */ = {isa = PBXFileReference; lastKnownFileType = text.plist.xml; path = Info.plist; sourceTree = "<group>"; };
		CD5B3B691CE1E121004E290A /* tableheader.png */ = {isa = PBXFileReference; lastKnownFileType = image.png; name = tableheader.png; path = ../../../../UNTITLED/codes/10/10.16/UITableViewControllerTest/UITableViewControllerTest/tableheader.png; sourceTree = "<group>"; };
/* End PBXFileReference section */

/* Begin PBXFrameworksBuildPhase section */
		CD5B3B4C1CE1DD2F004E290A /* Frameworks */ = {
			isa = PBXFrameworksBuildPhase;
			buildActionMask = 2147483647;
			files = (
			);
			runOnlyForDeploymentPostprocessing = 0;
		};
/* End PBXFrameworksBuildPhase section */

/* Begin PBXGroup section */
		CD5B3B461CE1DD2F004E290A = {
			isa = PBXGroup;
			children = (
				CD5B3B511CE1DD30004E290A /* UITableView(直接使用UITableView */,
				CD5B3B501CE1DD30004E290A /* Products */,
			);
			sourceTree = "<group>";
		};
		CD5B3B501CE1DD30004E290A /* Products */ = {
			isa = PBXGroup;
			children = (
				CD5B3B4F1CE1DD30004E290A /* UITableView(直接使用UITableView.app */,
			);
			name = Products;
			sourceTree = "<group>";
		};
		CD5B3B511CE1DD30004E290A /* UITableView(直接使用UITableView */ = {
			isa = PBXGroup;
			children = (
				CD5B3B551CE1DD30004E290A /* AppDelegate.h */,
				CD5B3B561CE1DD30004E290A /* AppDelegate.m */,
				CD5B3B581CE1DD30004E290A /* ViewController.h */,
				CD5B3B591CE1DD30004E290A /* ViewController.m */,
				CD5B3B5B1CE1DD30004E290A /* Main.storyboard */,
				CD5B3B5E1CE1DD30004E290A /* Assets.xcassets */,
				CD5B3B601CE1DD30004E290A /* LaunchScreen.storyboard */,
				CD5B3B691CE1E121004E290A /* tableheader.png */,
				CD5B3B631CE1DD30004E290A /* Info.plist */,
				CD5B3B521CE1DD30004E290A /* Supporting Files */,
			);
			path = "UITableView(直接使用UITableView";
			sourceTree = "<group>";
		};
		CD5B3B521CE1DD30004E290A /* Supporting Files */ = {
			isa = PBXGroup;
			children = (
				CD5B3B531CE1DD30004E290A /* main.m */,
			);
			name = "Supporting Files";
			sourceTree = "<group>";
		};
/* End PBXGroup section */

/* Begin PBXNativeTarget section */
		CD5B3B4E1CE1DD2F004E290A /* UITableView(直接使用UITableView */ = {
			isa = PBXNativeTarget;
			buildConfigurationList = CD5B3B661CE1DD30004E290A /* Build configuration list for PBXNativeTarget "UITableView(直接使用UITableView" */;
			buildPhases = (
				CD5B3B4B1CE1DD2F004E290A /* Sources */,
				CD5B3B4C1CE1DD2F004E290A /* Frameworks */,
				CD5B3B4D1CE1DD2F004E290A /* Resources */,
			);
			buildRules = (
			);
			dependencies = (
			);
			name = "UITableView(直接使用UITableView";
			productName = "UITableView(直接使用UITableView";
			productReference = CD5B3B4F1CE1DD30004E290A /* UITableView(直接使用UITableView.app */;
			productType = "com.apple.product-type.application";
		};
/* End PBXNativeTarget section */

/* Begin PBXProject section */
		CD5B3B471CE1DD2F004E290A /* Project object */ = {
			isa = PBXProject;
			attributes = {
				LastUpgradeCheck = 0720;
				ORGANIZATIONNAME = lwb;
				TargetAttributes = {
					CD5B3B4E1CE1DD2F004E290A = {
						CreatedOnToolsVersion = 7.2;
					};
				};
			};
			buildConfigurationList = CD5B3B4A1CE1DD2F004E290A /* Build configuration list for PBXProject "UITableView(直接使用UITableView" */;
			compatibilityVersion = "Xcode 3.2";
			developmentRegion = English;
			hasScannedForEncodings = 0;
			knownRegions = (
				en,
				Base,
			);
			mainGroup = CD5B3B461CE1DD2F004E290A;
			productRefGroup = CD5B3B501CE1DD30004E290A /* Products */;
			projectDirPath = "";
			projectRoot = "";
			targets = (
				CD5B3B4E1CE1DD2F004E290A /* UITableView(直接使用UITableView */,
			);
		};
/* End PBXProject section */

/* Begin PBXResourcesBuildPhase section */
		CD5B3B4D1CE1DD2F004E290A /* Resources */ = {
			isa = PBXResourcesBuildPhase;
			buildActionMask = 2147483647;
			files = (
				CD5B3B621CE1DD30004E290A /* LaunchScreen.storyboard in Resources */,
				CD5B3B5F1CE1DD30004E290A /* Assets.xcassets in Resources */,
				CD5B3B5D1CE1DD30004E290A /* Main.storyboard in Resources */,
				CD5B3B6A1CE1E121004E290A /* tableheader.png in Resources */,
			);
			runOnlyForDeploymentPostprocessing = 0;
		};
/* End PBXResourcesBuildPhase section */

/* Begin PBXSourcesBuildPhase section */
		CD5B3B4B1CE1DD2F004E290A /* Sources */ = {
			isa = PBXSourcesBuildPhase;
			buildActionMask = 2147483647;
			files = (
				CD5B3B5A1CE1DD30004E290A /* ViewController.m in Sources */,
				CD5B3B571CE1DD30004E290A /* AppDelegate.m in Sources */,
				CD5B3B541CE1DD30004E290A /* main.m in Sources */,
			);
			runOnlyForDeploymentPostprocessing = 0;
		};
/* End PBXSourcesBuildPhase section */

/* Begin PBXVariantGroup section */
		CD5B3B5B1CE1DD30004E290A /* Main.storyboard */ = {
			isa = PBXVariantGroup;
			children = (
				CD5B3B5C1CE1DD30004E290A /* Base */,
			);
			name = Main.storyboard;
			sourceTree = "<group>";
		};
		CD5B3B601CE1DD30004E290A /* LaunchScreen.storyboard */ = {
			isa = PBXVariantGroup;
			children = (
				CD5B3B611CE1DD30004E290A /* Base */,
			);
			name = LaunchScreen.storyboard;
			sourceTree = "<group>";
		};
/* End PBXVariantGroup section */

/* Begin XCBuildConfiguration section */
		CD5B3B641CE1DD30004E290A /* Debug */ = {
			isa = XCBuildConfiguration;
			buildSettings = {
				ALWAYS_SEARCH_USER_PATHS = NO;
				CLANG_CXX_LANGUAGE_STANDARD = "gnu++0x";
				CLANG_CXX_LIBRARY = "libc++";
				CLANG_ENABLE_MODULES = YES;
				CLANG_ENABLE_OBJC_ARC = YES;
				CLANG_WARN_BOOL_CONVERSION = YES;
				CLANG_WARN_CONSTANT_CONVERSION = YES;
				CLANG_WARN_DIRECT_OBJC_ISA_USAGE = YES_ERROR;
				CLANG_WARN_EMPTY_BODY = YES;
				CLANG_WARN_ENUM_CONVERSION = YES;
				CLANG_WARN_INT_CONVERSION = YES;
				CLANG_WARN_OBJC_ROOT_CLASS = YES_ERROR;
				CLANG_WARN_UNREACHABLE_CODE = YES;
				CLANG_WARN__DUPLICATE_METHOD_MATCH = YES;
				"CODE_SIGN_IDENTITY[sdk=iphoneos*]" = "iPhone Developer";
				COPY_PHASE_STRIP = NO;
				DEBUG_INFORMATION_FORMAT = dwarf;
				ENABLE_STRICT_OBJC_MSGSEND = YES;
				ENABLE_TESTABILITY = YES;
				GCC_C_LANGUAGE_STANDARD = gnu99;
				GCC_DYNAMIC_NO_PIC = NO;
				GCC_NO_COMMON_BLOCKS = YES;
				GCC_OPTIMIZATION_LEVEL = 0;
				GCC_PREPROCESSOR_DEFINITIONS = (
					"DEBUG=1",
					"$(inherited)",
				);
				GCC_WARN_64_TO_32_BIT_CONVERSION = YES;
				GCC_WARN_ABOUT_RETURN_TYPE = YES_ERROR;
				GCC_WARN_UNDECLARED_SELECTOR = YES;
				GCC_WARN_UNINITIALIZED_AUTOS = YES_AGGRESSIVE;
				GCC_WARN_UNUSED_FUNCTION = YES;
				GCC_WARN_UNUSED_VARIABLE = YES;
				IPHONEOS_DEPLOYMENT_TARGET = 9.2;
				MTL_ENABLE_DEBUG_INFO = YES;
				ONLY_ACTIVE_ARCH = YES;
				SDKROOT = iphoneos;
			};
			name = Debug;
		};
		CD5B3B651CE1DD30004E290A /* Release */ = {
			isa = XCBuildConfiguration;
			buildSettings = {
				ALWAYS_SEARCH_USER_PATHS = NO;
				CLANG_CXX_LANGUAGE_STANDARD = "gnu++0x";
				CLANG_CXX_LIBRARY = "libc++";
				CLANG_ENABLE_MODULES = YES;
				CLANG_ENABLE_OBJC_ARC = YES;
				CLANG_WARN_BOOL_CONVERSION = YES;
				CLANG_WARN_CONSTANT_CONVERSION = YES;
				CLANG_WARN_DIRECT_OBJC_ISA_USAGE = YES_ERROR;
				CLANG_WARN_EMPTY_BODY = YES;
				CLANG_WARN_ENUM_CONVERSION = YES;
				CLANG_WARN_INT_CONVERSION = YES;
				CLANG_WARN_OBJC_ROOT_CLASS = YES_ERROR;
				CLANG_WARN_UNREACHABLE_CODE = YES;
				CLANG_WARN__DUPLICATE_METHOD_MATCH = YES;
				"CODE_SIGN_IDENTITY[sdk=iphoneos*]" = "iPhone Developer";
				COPY_PHASE_STRIP = NO;
				DEBUG_INFORMATION_FORMAT = "dwarf-with-dsym";
				ENABLE_NS_ASSERTIONS = NO;
				ENABLE_STRICT_OBJC_MSGSEND = YES;
				GCC_C_LANGUAGE_STANDARD = gnu99;
				GCC_NO_COMMON_BLOCKS = YES;
				GCC_WARN_64_TO_32_BIT_CONVERSION = YES;
				GCC_WARN_ABOUT_RETURN_TYPE = YES_ERROR;
				GCC_WARN_UNDECLARED_SELECTOR = YES;
				GCC_WARN_UNINITIALIZED_AUTOS = YES_AGGRESSIVE;
				GCC_WARN_UNUSED_FUNCTION = YES;
				GCC_WARN_UNUSED_VARIABLE = YES;
				IPHONEOS_DEPLOYMENT_TARGET = 9.2;
				MTL_ENABLE_DEBUG_INFO = NO;
				SDKROOT = iphoneos;
				VALIDATE_PRODUCT = YES;
			};
			name = Release;
		};
		CD5B3B671CE1DD30004E290A /* Debug */ = {
			isa = XCBuildConfiguration;
			buildSettings = {
				ASSETCATALOG_COMPILER_APPICON_NAME = AppIcon;
				INFOPLIST_FILE = "UITableView(直接使用UITableView/Info.plist";
				LD_RUNPATH_SEARCH_PATHS = "$(inherited) @executable_path/Frameworks";
				PRODUCT_BUNDLE_IDENTIFIER = "cn.UITableView-----UITableView";
				PRODUCT_NAME = "$(TARGET_NAME)";
			};
			name = Debug;
		};
		CD5B3B681CE1DD30004E290A /* Release */ = {
			isa = XCBuildConfiguration;
			buildSettings = {
				ASSETCATALOG_COMPILER_APPICON_NAME = AppIcon;
				INFOPLIST_FILE = "UITableView(直接使用UITableView/Info.plist";
				LD_RUNPATH_SEARCH_PATHS = "$(inherited) @executable_path/Frameworks";
				PRODUCT_BUNDLE_IDENTIFIER = "cn.UITableView-----UITableView";
				PRODUCT_NAME = "$(TARGET_NAME)";
			};
			name = Release;
		};
/* End XCBuildConfiguration section */

/* Begin XCConfigurationList section */
		CD5B3B4A1CE1DD2F004E290A /* Build configuration list for PBXProject "UITableView(直接使用UITableView" */ = {
			isa = XCConfigurationList;
			buildConfigurations = (
				CD5B3B641CE1DD30004E290A /* Debug */,
				CD5B3B651CE1DD30004E290A /* Release */,
			);
			defaultConfigurationIsVisible = 0;
			defaultConfigurationName = Release;
		};
		CD5B3B661CE1DD30004E290A /* Build configuration list for PBXNativeTarget "UITableView(直接使用UITableView" */ = {
			isa = XCConfigurationList;
			buildConfigurations = (
				CD5B3B671CE1DD30004E290A /* Debug */,
				CD5B3B681CE1DD30004E290A /* Release */,
			);
			defaultConfigurationIsVisible = 0;
		};
/* End XCConfigurationList section */
	};
	rootObject = CD5B3B471CE1DD2F004E290A /* Project object */;
}
