// !$*UTF8*$!
{
	archiveVersion = 1;
	classes = {
	};
	objectVersion = 46;
	objects = {

/* Begin PBXBuildFile section */
		CDF0859D1CC6001300552363 /* main.m in Sources */ = {isa = PBXBuildFile; fileRef = CDF0859C1CC6001300552363 /* main.m */; };
		CDF085A01CC6001300552363 /* AppDelegate.m in Sources */ = {isa = PBXBuildFile; fileRef = CDF0859F1CC6001300552363 /* AppDelegate.m */; };
		CDF085A31CC6001300552363 /* ViewController.m in Sources */ = {isa = PBXBuildFile; fileRef = CDF085A21CC6001300552363 /* ViewController.m */; };
		CDF085A61CC6001300552363 /* Main.storyboard in Resources */ = {isa = PBXBuildFile; fileRef = CDF085A41CC6001300552363 /* Main.storyboard */; };
		CDF085A81CC6001400552363 /* Assets.xcassets in Resources */ = {isa = PBXBuildFile; fileRef = CDF085A71CC6001400552363 /* Assets.xcassets */; };
		CDF085AB1CC6001400552363 /* LaunchScreen.storyboard in Resources */ = {isa = PBXBuildFile; fileRef = CDF085A91CC6001400552363 /* LaunchScreen.storyboard */; };
/* End PBXBuildFile section */

/* Begin PBXFileReference section */
		CDF085981CC6001300552363 /* AlertView and ActionSheet.app */ = {isa = PBXFileReference; explicitFileType = wrapper.application; includeInIndex = 0; path = "AlertView and ActionSheet.app"; sourceTree = BUILT_PRODUCTS_DIR; };
		CDF0859C1CC6001300552363 /* main.m */ = {isa = PBXFileReference; lastKnownFileType = sourcecode.c.objc; path = main.m; sourceTree = "<group>"; };
		CDF0859E1CC6001300552363 /* AppDelegate.h */ = {isa = PBXFileReference; lastKnownFileType = sourcecode.c.h; path = AppDelegate.h; sourceTree = "<group>"; };
		CDF0859F1CC6001300552363 /* AppDelegate.m */ = {isa = PBXFileReference; lastKnownFileType = sourcecode.c.objc; path = AppDelegate.m; sourceTree = "<group>"; };
		CDF085A11CC6001300552363 /* ViewController.h */ = {isa = PBXFileReference; lastKnownFileType = sourcecode.c.h; path = ViewController.h; sourceTree = "<group>"; };
		CDF085A21CC6001300552363 /* ViewController.m */ = {isa = PBXFileReference; lastKnownFileType = sourcecode.c.objc; path = ViewController.m; sourceTree = "<group>"; };
		CDF085A51CC6001300552363 /* Base */ = {isa = PBXFileReference; lastKnownFileType = file.storyboard; name = Base; path = Base.lproj/Main.storyboard; sourceTree = "<group>"; };
		CDF085A71CC6001400552363 /* Assets.xcassets */ = {isa = PBXFileReference; lastKnownFileType = folder.assetcatalog; path = Assets.xcassets; sourceTree = "<group>"; };
		CDF085AA1CC6001400552363 /* Base */ = {isa = PBXFileReference; lastKnownFileType = file.storyboard; name = Base; path = Base.lproj/LaunchScreen.storyboard; sourceTree = "<group>"; };
		CDF085AC1CC6001400552363 /* Info.plist */ = {isa = PBXFileReference; lastKnownFileType = text.plist.xml; path = Info.plist; sourceTree = "<group>"; };
/* End PBXFileReference section */

/* Begin PBXFrameworksBuildPhase section */
		CDF085951CC6001200552363 /* Frameworks */ = {
			isa = PBXFrameworksBuildPhase;
			buildActionMask = 2147483647;
			files = (
			);
			runOnlyForDeploymentPostprocessing = 0;
		};
/* End PBXFrameworksBuildPhase section */

/* Begin PBXGroup section */
		CDF0858F1CC6001200552363 = {
			isa = PBXGroup;
			children = (
				CDF0859A1CC6001300552363 /* AlertView and ActionSheet */,
				CDF085991CC6001300552363 /* Products */,
			);
			sourceTree = "<group>";
		};
		CDF085991CC6001300552363 /* Products */ = {
			isa = PBXGroup;
			children = (
				CDF085981CC6001300552363 /* AlertView and ActionSheet.app */,
			);
			name = Products;
			sourceTree = "<group>";
		};
		CDF0859A1CC6001300552363 /* AlertView and ActionSheet */ = {
			isa = PBXGroup;
			children = (
				CDF0859E1CC6001300552363 /* AppDelegate.h */,
				CDF0859F1CC6001300552363 /* AppDelegate.m */,
				CDF085A11CC6001300552363 /* ViewController.h */,
				CDF085A21CC6001300552363 /* ViewController.m */,
				CDF085A41CC6001300552363 /* Main.storyboard */,
				CDF085A71CC6001400552363 /* Assets.xcassets */,
				CDF085A91CC6001400552363 /* LaunchScreen.storyboard */,
				CDF085AC1CC6001400552363 /* Info.plist */,
				CDF0859B1CC6001300552363 /* Supporting Files */,
			);
			path = "AlertView and ActionSheet";
			sourceTree = "<group>";
		};
		CDF0859B1CC6001300552363 /* Supporting Files */ = {
			isa = PBXGroup;
			children = (
				CDF0859C1CC6001300552363 /* main.m */,
			);
			name = "Supporting Files";
			sourceTree = "<group>";
		};
/* End PBXGroup section */

/* Begin PBXNativeTarget section */
		CDF085971CC6001200552363 /* AlertView and ActionSheet */ = {
			isa = PBXNativeTarget;
			buildConfigurationList = CDF085AF1CC6001400552363 /* Build configuration list for PBXNativeTarget "AlertView and ActionSheet" */;
			buildPhases = (
				CDF085941CC6001200552363 /* Sources */,
				CDF085951CC6001200552363 /* Frameworks */,
				CDF085961CC6001200552363 /* Resources */,
			);
			buildRules = (
			);
			dependencies = (
			);
			name = "AlertView and ActionSheet";
			productName = "AlertView and ActionSheet";
			productReference = CDF085981CC6001300552363 /* AlertView and ActionSheet.app */;
			productType = "com.apple.product-type.application";
		};
/* End PBXNativeTarget section */

/* Begin PBXProject section */
		CDF085901CC6001200552363 /* Project object */ = {
			isa = PBXProject;
			attributes = {
				LastUpgradeCheck = 0720;
				ORGANIZATIONNAME = lwb;
				TargetAttributes = {
					CDF085971CC6001200552363 = {
						CreatedOnToolsVersion = 7.2;
					};
				};
			};
			buildConfigurationList = CDF085931CC6001200552363 /* Build configuration list for PBXProject "AlertView and ActionSheet" */;
			compatibilityVersion = "Xcode 3.2";
			developmentRegion = English;
			hasScannedForEncodings = 0;
			knownRegions = (
				en,
				Base,
			);
			mainGroup = CDF0858F1CC6001200552363;
			productRefGroup = CDF085991CC6001300552363 /* Products */;
			projectDirPath = "";
			projectRoot = "";
			targets = (
				CDF085971CC6001200552363 /* AlertView and ActionSheet */,
			);
		};
/* End PBXProject section */

/* Begin PBXResourcesBuildPhase section */
		CDF085961CC6001200552363 /* Resources */ = {
			isa = PBXResourcesBuildPhase;
			buildActionMask = 2147483647;
			files = (
				CDF085AB1CC6001400552363 /* LaunchScreen.storyboard in Resources */,
				CDF085A81CC6001400552363 /* Assets.xcassets in Resources */,
				CDF085A61CC6001300552363 /* Main.storyboard in Resources */,
			);
			runOnlyForDeploymentPostprocessing = 0;
		};
/* End PBXResourcesBuildPhase section */

/* Begin PBXSourcesBuildPhase section */
		CDF085941CC6001200552363 /* Sources */ = {
			isa = PBXSourcesBuildPhase;
			buildActionMask = 2147483647;
			files = (
				CDF085A31CC6001300552363 /* ViewController.m in Sources */,
				CDF085A01CC6001300552363 /* AppDelegate.m in Sources */,
				CDF0859D1CC6001300552363 /* main.m in Sources */,
			);
			runOnlyForDeploymentPostprocessing = 0;
		};
/* End PBXSourcesBuildPhase section */

/* Begin PBXVariantGroup section */
		CDF085A41CC6001300552363 /* Main.storyboard */ = {
			isa = PBXVariantGroup;
			children = (
				CDF085A51CC6001300552363 /* Base */,
			);
			name = Main.storyboard;
			sourceTree = "<group>";
		};
		CDF085A91CC6001400552363 /* LaunchScreen.storyboard */ = {
			isa = PBXVariantGroup;
			children = (
				CDF085AA1CC6001400552363 /* Base */,
			);
			name = LaunchScreen.storyboard;
			sourceTree = "<group>";
		};
/* End PBXVariantGroup section */

/* Begin XCBuildConfiguration section */
		CDF085AD1CC6001400552363 /* Debug */ = {
			isa = XCBuildConfiguration;
			buildSettings = {
				ALWAYS_SEARCH_USER_PATHS = NO;
				CLANG_CXX_LANGUAGE_STANDARD = "gnu++0x";
				CLANG_CXX_LIBRARY = "libc++";
				CLANG_ENABLE_MODULES = YES;
				CLANG_ENABLE_OBJC_ARC = YES;
				CLANG_WARN_BOOL_CONVERSION = YES;
				CLANG_WARN_CONSTANT_CONVERSION = YES;
				CLANG_WARN_DIRECT_OBJC_ISA_USAGE = YES_ERROR;
				CLANG_WARN_EMPTY_BODY = YES;
				CLANG_WARN_ENUM_CONVERSION = YES;
				CLANG_WARN_INT_CONVERSION = YES;
				CLANG_WARN_OBJC_ROOT_CLASS = YES_ERROR;
				CLANG_WARN_UNREACHABLE_CODE = YES;
				CLANG_WARN__DUPLICATE_METHOD_MATCH = YES;
				"CODE_SIGN_IDENTITY[sdk=iphoneos*]" = "iPhone Developer";
				COPY_PHASE_STRIP = NO;
				DEBUG_INFORMATION_FORMAT = dwarf;
				ENABLE_STRICT_OBJC_MSGSEND = YES;
				ENABLE_TESTABILITY = YES;
				GCC_C_LANGUAGE_STANDARD = gnu99;
				GCC_DYNAMIC_NO_PIC = NO;
				GCC_NO_COMMON_BLOCKS = YES;
				GCC_OPTIMIZATION_LEVEL = 0;
				GCC_PREPROCESSOR_DEFINITIONS = (
					"DEBUG=1",
					"$(inherited)",
				);
				GCC_WARN_64_TO_32_BIT_CONVERSION = YES;
				GCC_WARN_ABOUT_RETURN_TYPE = YES_ERROR;
				GCC_WARN_UNDECLARED_SELECTOR = YES;
				GCC_WARN_UNINITIALIZED_AUTOS = YES_AGGRESSIVE;
				GCC_WARN_UNUSED_FUNCTION = YES;
				GCC_WARN_UNUSED_VARIABLE = YES;
				IPHONEOS_DEPLOYMENT_TARGET = 9.2;
				MTL_ENABLE_DEBUG_INFO = YES;
				ONLY_ACTIVE_ARCH = YES;
				SDKROOT = iphoneos;
			};
			name = Debug;
		};
		CDF085AE1CC6001400552363 /* Release */ = {
			isa = XCBuildConfiguration;
			buildSettings = {
				ALWAYS_SEARCH_USER_PATHS = NO;
				CLANG_CXX_LANGUAGE_STANDARD = "gnu++0x";
				CLANG_CXX_LIBRARY = "libc++";
				CLANG_ENABLE_MODULES = YES;
				CLANG_ENABLE_OBJC_ARC = YES;
				CLANG_WARN_BOOL_CONVERSION = YES;
				CLANG_WARN_CONSTANT_CONVERSION = YES;
				CLANG_WARN_DIRECT_OBJC_ISA_USAGE = YES_ERROR;
				CLANG_WARN_EMPTY_BODY = YES;
				CLANG_WARN_ENUM_CONVERSION = YES;
				CLANG_WARN_INT_CONVERSION = YES;
				CLANG_WARN_OBJC_ROOT_CLASS = YES_ERROR;
				CLANG_WARN_UNREACHABLE_CODE = YES;
				CLANG_WARN__DUPLICATE_METHOD_MATCH = YES;
				"CODE_SIGN_IDENTITY[sdk=iphoneos*]" = "iPhone Developer";
				COPY_PHASE_STRIP = NO;
				DEBUG_INFORMATION_FORMAT = "dwarf-with-dsym";
				ENABLE_NS_ASSERTIONS = NO;
				ENABLE_STRICT_OBJC_MSGSEND = YES;
				GCC_C_LANGUAGE_STANDARD = gnu99;
				GCC_NO_COMMON_BLOCKS = YES;
				GCC_WARN_64_TO_32_BIT_CONVERSION = YES;
				GCC_WARN_ABOUT_RETURN_TYPE = YES_ERROR;
				GCC_WARN_UNDECLARED_SELECTOR = YES;
				GCC_WARN_UNINITIALIZED_AUTOS = YES_AGGRESSIVE;
				GCC_WARN_UNUSED_FUNCTION = YES;
				GCC_WARN_UNUSED_VARIABLE = YES;
				IPHONEOS_DEPLOYMENT_TARGET = 9.2;
				MTL_ENABLE_DEBUG_INFO = NO;
				SDKROOT = iphoneos;
				VALIDATE_PRODUCT = YES;
			};
			name = Release;
		};
		CDF085B01CC6001400552363 /* Debug */ = {
			isa = XCBuildConfiguration;
			buildSettings = {
				ASSETCATALOG_COMPILER_APPICON_NAME = AppIcon;
				INFOPLIST_FILE = "AlertView and ActionSheet/Info.plist";
				LD_RUNPATH_SEARCH_PATHS = "$(inherited) @executable_path/Frameworks";
				PRODUCT_BUNDLE_IDENTIFIER = "cn.AlertView-and-ActionSheet";
				PRODUCT_NAME = "$(TARGET_NAME)";
			};
			name = Debug;
		};
		CDF085B11CC6001400552363 /* Release */ = {
			isa = XCBuildConfiguration;
			buildSettings = {
				ASSETCATALOG_COMPILER_APPICON_NAME = AppIcon;
				INFOPLIST_FILE = "AlertView and ActionSheet/Info.plist";
				LD_RUNPATH_SEARCH_PATHS = "$(inherited) @executable_path/Frameworks";
				PRODUCT_BUNDLE_IDENTIFIER = "cn.AlertView-and-ActionSheet";
				PRODUCT_NAME = "$(TARGET_NAME)";
			};
			name = Release;
		};
/* End XCBuildConfiguration section */

/* Begin XCConfigurationList section */
		CDF085931CC6001200552363 /* Build configuration list for PBXProject "AlertView and ActionSheet" */ = {
			isa = XCConfigurationList;
			buildConfigurations = (
				CDF085AD1CC6001400552363 /* Debug */,
				CDF085AE1CC6001400552363 /* Release */,
			);
			defaultConfigurationIsVisible = 0;
			defaultConfigurationName = Release;
		};
		CDF085AF1CC6001400552363 /* Build configuration list for PBXNativeTarget "AlertView and ActionSheet" */ = {
			isa = XCConfigurationList;
			buildConfigurations = (
				CDF085B01CC6001400552363 /* Debug */,
				CDF085B11CC6001400552363 /* Release */,
			);
			defaultConfigurationIsVisible = 0;
		};
/* End XCConfigurationList section */
	};
	rootObject = CDF085901CC6001200552363 /* Project object */;
}
